
Microsoft Visual Studio Solution File, Format Version 12.00
# Visual Studio Version 16
VisualStudioVersion = 16.0.30204.135
MinimumVisualStudioVersion = 10.0.40219.1
Project("{9A19103F-16F7-4668-BE54-9A1E7A4F7556}") = "PaymentGateway.Api", "PaymentGateway.Api\PaymentGateway.Api.csproj", "{1DA3A565-2ED6-4065-B4C6-73CF6F5E704B}"
EndProject
Project("{2150E333-8FDC-42A3-9474-1A3956D46DE8}") = "sevices", "sevices", "{D639C2FB-5E2A-4379-9EE3-F28516220D37}"
EndProject
Project("{2150E333-8FDC-42A3-9474-1A3956D46DE8}") = "Identity", "Identity", "{7706C2B5-10D3-4E94-8A79-7850E97F091C}"
EndProject
Project("{2150E333-8FDC-42A3-9474-1A3956D46DE8}") = "bank simulator", "bank simulator", "{ABC3CC82-7C7C-4226-AC0E-70795542B02E}"
EndProject
Project("{2150E333-8FDC-42A3-9474-1A3956D46DE8}") = "Client", "Client", "{908B83FC-8051-4E60-8B62-9657336841C8}"
EndProject
Project("{9A19103F-16F7-4668-BE54-9A1E7A4F7556}") = "Company.IdentityServer", "Company.IdentityServer\Company.IdentityServer.csproj", "{4102F2B7-AE89-463F-BA8B-8F588C4AB415}"
EndProject
Project("{9A19103F-16F7-4668-BE54-9A1E7A4F7556}") = "PaymentGateway.Processor.Api", "PaymentGateway.Processor.Api\PaymentGateway.Processor.Api.csproj", "{597FF5A3-A6E9-4172-A02B-6B4609DFF310}"
EndProject
Project("{9A19103F-16F7-4668-BE54-9A1E7A4F7556}") = "Bank.Payments.Api", "Bank.Payments.Api\Bank.Payments.Api.csproj", "{CCC9AA7A-C413-4124-B88E-C55A05A30EC6}"
EndProject
Project("{9A19103F-16F7-4668-BE54-9A1E7A4F7556}") = "Client.Payments.Api", "Client.Payments.Api\Client.Payments.Api.csproj", "{F7A8E866-5B9C-4B0C-B323-A2FD3A70C848}"
EndProject
Project("{9A19103F-16F7-4668-BE54-9A1E7A4F7556}") = "Bank.Payments.Api.Test", "Bank.Payments.Api.Test\Bank.Payments.Api.Test.csproj", "{E7EB685C-142D-4D5F-BE65-0C45E29D1513}"
EndProject
Project("{2150E333-8FDC-42A3-9474-1A3956D46DE8}") = "docs", "docs", "{86E98E00-69E4-429E-BF0C-13822AC2D74B}"
	ProjectSection(SolutionItems) = preProject
		ReadMe.md = ReadMe.md
		TodoList.MD = TodoList.MD
	EndProjectSection
EndProject
Project("{E53339B2-1760-4266-BCC7-CA923CBCF16C}") = "docker-compose", "docker-compose.dcproj", "{AF56FFED-F10A-4DDB-9A19-2E00CE0D1C81}"
EndProject
Project("{9A19103F-16F7-4668-BE54-9A1E7A4F7556}") = "PaymentGateway.SharedLib", "PaymentGateway.SharedLib\PaymentGateway.SharedLib.csproj", "{751A7E9A-ABD8-42E8-BDD3-2373DCA1FC82}"
EndProject
Project("{2150E333-8FDC-42A3-9474-1A3956D46DE8}") = "Tests", "Tests", "{45746657-E255-4CD8-B69C-3A7D4C762A1A}"
EndProject
Project("{9A19103F-16F7-4668-BE54-9A1E7A4F7556}") = "PaymentGateway.Api.UnitTest", "PaymentGateway.Api.UnitTest\PaymentGateway.Api.UnitTest.csproj", "{CCD31D49-C1E3-4DFE-8D6A-7E25E6DEB885}"
EndProject
Project("{9A19103F-16F7-4668-BE54-9A1E7A4F7556}") = "PaymentGateway.SharedLib.UnitTest", "..\PaymentGateway.SharedLib.UnitTest\PaymentGateway.SharedLib.UnitTest.csproj", "{9B2BAF3D-C1E9-451A-B824-4DC1AD836FCE}"
EndProject
Project("{2150E333-8FDC-42A3-9474-1A3956D46DE8}") = "src", "src", "{EF80E958-B25C-4C9D-8E43-13F1E913C2B4}"
EndProject
Project("{9A19103F-16F7-4668-BE54-9A1E7A4F7556}") = "PaymentGateway.Processor.Api.UnitTest", "..\PaymentGateway.Processor.Api.UnitTest\PaymentGateway.Processor.Api.UnitTest.csproj", "{B589F320-535E-42A0-8B7E-3CB0E2E76102}"
EndProject
Project("{2150E333-8FDC-42A3-9474-1A3956D46DE8}") = "UnitTests", "UnitTests", "{5C8BD070-44F7-4493-BA7D-C93A3F7B4F77}"
EndProject
Project("{2150E333-8FDC-42A3-9474-1A3956D46DE8}") = "IntegrationTests", "IntegrationTests", "{5213103B-56FF-4572-9468-AA089B136C48}"
EndProject
Project("{9A19103F-16F7-4668-BE54-9A1E7A4F7556}") = "PaymentGateway.Api.IntegrationTests", "PaymentGateway.Api.IntegrationTests\PaymentGateway.Api.IntegrationTests.csproj", "{C355B9F7-18AE-4182-9175-E25DA6B7D1EC}"
EndProject
Project("{9A19103F-16F7-4668-BE54-9A1E7A4F7556}") = "PaymentGateway.Processor.Api.IntegrationTests", "PaymentGateway.Processor.Api.IntegrationTests\PaymentGateway.Processor.Api.IntegrationTests.csproj", "{BE67A518-64F8-429F-8569-DFCBF1E928FB}"
EndProject
Project("{9A19103F-16F7-4668-BE54-9A1E7A4F7556}") = "PaymentGateway.IntegrationTests", "PaymentGateway.IntegrationTests\PaymentGateway.IntegrationTests.csproj", "{151B301B-C744-47DA-9418-9CCEA5C4792C}"
EndProject
Project("{2150E333-8FDC-42A3-9474-1A3956D46DE8}") = "monitoring", "monitoring", "{45949F53-98CD-47A4-AEC5-467F12F89314}"
EndProject
Project("{2150E333-8FDC-42A3-9474-1A3956D46DE8}") = "prometheus", "prometheus", "{32F38DB9-97DA-47CD-8960-67918D42EFA7}"
	ProjectSection(SolutionItems) = preProject
		prometheus\prometheus.yml = prometheus\prometheus.yml
	EndProjectSection
EndProject
Project("{2150E333-8FDC-42A3-9474-1A3956D46DE8}") = "data", "data", "{4374395C-D52C-480D-8E28-A805DF612152}"
EndProject
Project("{2150E333-8FDC-42A3-9474-1A3956D46DE8}") = "mssql", "mssql", "{AE7A3799-F2CD-417A-B259-80FD50D65945}"
	ProjectSection(SolutionItems) = preProject
		data\mssql\__entrypoint.sh = data\mssql\__entrypoint.sh
		data\mssql\__setup.sql = data\mssql\__setup.sql
		data\mssql\Dockerfile__ = data\mssql\Dockerfile__
	EndProjectSection
EndProject
Project("{2150E333-8FDC-42A3-9474-1A3956D46DE8}") = "Grafana", "Grafana", "{4B705A79-825D-4142-BD32-F9F5E7946043}"
	ProjectSection(SolutionItems) = preProject
		grafana\config.monitoring = grafana\config.monitoring
		grafana\provisioning\dashboards\dashboard.yml = grafana\provisioning\dashboards\dashboard.yml
		grafana\provisioning\datasources\datasource.yml = grafana\provisioning\datasources\datasource.yml
	EndProjectSection
EndProject
Global
	GlobalSection(SolutionConfigurationPlatforms) = preSolution
		Debug|Any CPU = Debug|Any CPU
		Release|Any CPU = Release|Any CPU
	EndGlobalSection
	GlobalSection(ProjectConfigurationPlatforms) = postSolution
		{1DA3A565-2ED6-4065-B4C6-73CF6F5E704B}.Debug|Any CPU.ActiveCfg = Debug|Any CPU
		{1DA3A565-2ED6-4065-B4C6-73CF6F5E704B}.Debug|Any CPU.Build.0 = Debug|Any CPU
		{1DA3A565-2ED6-4065-B4C6-73CF6F5E704B}.Release|Any CPU.ActiveCfg = Release|Any CPU
		{1DA3A565-2ED6-4065-B4C6-73CF6F5E704B}.Release|Any CPU.Build.0 = Release|Any CPU
		{4102F2B7-AE89-463F-BA8B-8F588C4AB415}.Debug|Any CPU.ActiveCfg = Debug|Any CPU
		{4102F2B7-AE89-463F-BA8B-8F588C4AB415}.Debug|Any CPU.Build.0 = Debug|Any CPU
		{4102F2B7-AE89-463F-BA8B-8F588C4AB415}.Release|Any CPU.ActiveCfg = Release|Any CPU
		{4102F2B7-AE89-463F-BA8B-8F588C4AB415}.Release|Any CPU.Build.0 = Release|Any CPU
		{597FF5A3-A6E9-4172-A02B-6B4609DFF310}.Debug|Any CPU.ActiveCfg = Debug|Any CPU
		{597FF5A3-A6E9-4172-A02B-6B4609DFF310}.Debug|Any CPU.Build.0 = Debug|Any CPU
		{597FF5A3-A6E9-4172-A02B-6B4609DFF310}.Release|Any CPU.ActiveCfg = Release|Any CPU
		{597FF5A3-A6E9-4172-A02B-6B4609DFF310}.Release|Any CPU.Build.0 = Release|Any CPU
		{CCC9AA7A-C413-4124-B88E-C55A05A30EC6}.Debug|Any CPU.ActiveCfg = Debug|Any CPU
		{CCC9AA7A-C413-4124-B88E-C55A05A30EC6}.Debug|Any CPU.Build.0 = Debug|Any CPU
		{CCC9AA7A-C413-4124-B88E-C55A05A30EC6}.Release|Any CPU.ActiveCfg = Release|Any CPU
		{CCC9AA7A-C413-4124-B88E-C55A05A30EC6}.Release|Any CPU.Build.0 = Release|Any CPU
		{F7A8E866-5B9C-4B0C-B323-A2FD3A70C848}.Debug|Any CPU.ActiveCfg = Debug|Any CPU
		{F7A8E866-5B9C-4B0C-B323-A2FD3A70C848}.Debug|Any CPU.Build.0 = Debug|Any CPU
		{F7A8E866-5B9C-4B0C-B323-A2FD3A70C848}.Release|Any CPU.ActiveCfg = Release|Any CPU
		{F7A8E866-5B9C-4B0C-B323-A2FD3A70C848}.Release|Any CPU.Build.0 = Release|Any CPU
		{E7EB685C-142D-4D5F-BE65-0C45E29D1513}.Debug|Any CPU.ActiveCfg = Debug|Any CPU
		{E7EB685C-142D-4D5F-BE65-0C45E29D1513}.Debug|Any CPU.Build.0 = Debug|Any CPU
		{E7EB685C-142D-4D5F-BE65-0C45E29D1513}.Release|Any CPU.ActiveCfg = Release|Any CPU
		{E7EB685C-142D-4D5F-BE65-0C45E29D1513}.Release|Any CPU.Build.0 = Release|Any CPU
		{AF56FFED-F10A-4DDB-9A19-2E00CE0D1C81}.Debug|Any CPU.ActiveCfg = Debug|Any CPU
		{AF56FFED-F10A-4DDB-9A19-2E00CE0D1C81}.Debug|Any CPU.Build.0 = Debug|Any CPU
		{AF56FFED-F10A-4DDB-9A19-2E00CE0D1C81}.Release|Any CPU.ActiveCfg = Release|Any CPU
		{AF56FFED-F10A-4DDB-9A19-2E00CE0D1C81}.Release|Any CPU.Build.0 = Release|Any CPU
		{751A7E9A-ABD8-42E8-BDD3-2373DCA1FC82}.Debug|Any CPU.ActiveCfg = Debug|Any CPU
		{751A7E9A-ABD8-42E8-BDD3-2373DCA1FC82}.Debug|Any CPU.Build.0 = Debug|Any CPU
		{751A7E9A-ABD8-42E8-BDD3-2373DCA1FC82}.Release|Any CPU.ActiveCfg = Release|Any CPU
		{751A7E9A-ABD8-42E8-BDD3-2373DCA1FC82}.Release|Any CPU.Build.0 = Release|Any CPU
		{CCD31D49-C1E3-4DFE-8D6A-7E25E6DEB885}.Debug|Any CPU.ActiveCfg = Debug|Any CPU
		{CCD31D49-C1E3-4DFE-8D6A-7E25E6DEB885}.Debug|Any CPU.Build.0 = Debug|Any CPU
		{CCD31D49-C1E3-4DFE-8D6A-7E25E6DEB885}.Release|Any CPU.ActiveCfg = Release|Any CPU
		{CCD31D49-C1E3-4DFE-8D6A-7E25E6DEB885}.Release|Any CPU.Build.0 = Release|Any CPU
		{9B2BAF3D-C1E9-451A-B824-4DC1AD836FCE}.Debug|Any CPU.ActiveCfg = Debug|Any CPU
		{9B2BAF3D-C1E9-451A-B824-4DC1AD836FCE}.Debug|Any CPU.Build.0 = Debug|Any CPU
		{9B2BAF3D-C1E9-451A-B824-4DC1AD836FCE}.Release|Any CPU.ActiveCfg = Release|Any CPU
		{9B2BAF3D-C1E9-451A-B824-4DC1AD836FCE}.Release|Any CPU.Build.0 = Release|Any CPU
		{B589F320-535E-42A0-8B7E-3CB0E2E76102}.Debug|Any CPU.ActiveCfg = Debug|Any CPU
		{B589F320-535E-42A0-8B7E-3CB0E2E76102}.Debug|Any CPU.Build.0 = Debug|Any CPU
		{B589F320-535E-42A0-8B7E-3CB0E2E76102}.Release|Any CPU.ActiveCfg = Release|Any CPU
		{B589F320-535E-42A0-8B7E-3CB0E2E76102}.Release|Any CPU.Build.0 = Release|Any CPU
		{C355B9F7-18AE-4182-9175-E25DA6B7D1EC}.Debug|Any CPU.ActiveCfg = Debug|Any CPU
		{C355B9F7-18AE-4182-9175-E25DA6B7D1EC}.Debug|Any CPU.Build.0 = Debug|Any CPU
		{C355B9F7-18AE-4182-9175-E25DA6B7D1EC}.Release|Any CPU.ActiveCfg = Release|Any CPU
		{C355B9F7-18AE-4182-9175-E25DA6B7D1EC}.Release|Any CPU.Build.0 = Release|Any CPU
		{BE67A518-64F8-429F-8569-DFCBF1E928FB}.Debug|Any CPU.ActiveCfg = Debug|Any CPU
		{BE67A518-64F8-429F-8569-DFCBF1E928FB}.Debug|Any CPU.Build.0 = Debug|Any CPU
		{BE67A518-64F8-429F-8569-DFCBF1E928FB}.Release|Any CPU.ActiveCfg = Release|Any CPU
		{BE67A518-64F8-429F-8569-DFCBF1E928FB}.Release|Any CPU.Build.0 = Release|Any CPU
		{151B301B-C744-47DA-9418-9CCEA5C4792C}.Debug|Any CPU.ActiveCfg = Debug|Any CPU
		{151B301B-C744-47DA-9418-9CCEA5C4792C}.Debug|Any CPU.Build.0 = Debug|Any CPU
		{151B301B-C744-47DA-9418-9CCEA5C4792C}.Release|Any CPU.ActiveCfg = Release|Any CPU
		{151B301B-C744-47DA-9418-9CCEA5C4792C}.Release|Any CPU.Build.0 = Release|Any CPU
	EndGlobalSection
	GlobalSection(SolutionProperties) = preSolution
		HideSolutionNode = FALSE
	EndGlobalSection
	GlobalSection(NestedProjects) = preSolution
		{1DA3A565-2ED6-4065-B4C6-73CF6F5E704B} = {D639C2FB-5E2A-4379-9EE3-F28516220D37}
		{D639C2FB-5E2A-4379-9EE3-F28516220D37} = {EF80E958-B25C-4C9D-8E43-13F1E913C2B4}
		{7706C2B5-10D3-4E94-8A79-7850E97F091C} = {EF80E958-B25C-4C9D-8E43-13F1E913C2B4}
		{ABC3CC82-7C7C-4226-AC0E-70795542B02E} = {EF80E958-B25C-4C9D-8E43-13F1E913C2B4}
		{908B83FC-8051-4E60-8B62-9657336841C8} = {EF80E958-B25C-4C9D-8E43-13F1E913C2B4}
		{4102F2B7-AE89-463F-BA8B-8F588C4AB415} = {7706C2B5-10D3-4E94-8A79-7850E97F091C}
		{597FF5A3-A6E9-4172-A02B-6B4609DFF310} = {D639C2FB-5E2A-4379-9EE3-F28516220D37}
		{CCC9AA7A-C413-4124-B88E-C55A05A30EC6} = {ABC3CC82-7C7C-4226-AC0E-70795542B02E}
		{F7A8E866-5B9C-4B0C-B323-A2FD3A70C848} = {908B83FC-8051-4E60-8B62-9657336841C8}
		{E7EB685C-142D-4D5F-BE65-0C45E29D1513} = {5C8BD070-44F7-4493-BA7D-C93A3F7B4F77}
		{751A7E9A-ABD8-42E8-BDD3-2373DCA1FC82} = {EF80E958-B25C-4C9D-8E43-13F1E913C2B4}
		{CCD31D49-C1E3-4DFE-8D6A-7E25E6DEB885} = {5C8BD070-44F7-4493-BA7D-C93A3F7B4F77}
		{9B2BAF3D-C1E9-451A-B824-4DC1AD836FCE} = {5C8BD070-44F7-4493-BA7D-C93A3F7B4F77}
		{B589F320-535E-42A0-8B7E-3CB0E2E76102} = {5C8BD070-44F7-4493-BA7D-C93A3F7B4F77}
		{5C8BD070-44F7-4493-BA7D-C93A3F7B4F77} = {45746657-E255-4CD8-B69C-3A7D4C762A1A}
		{5213103B-56FF-4572-9468-AA089B136C48} = {45746657-E255-4CD8-B69C-3A7D4C762A1A}
		{C355B9F7-18AE-4182-9175-E25DA6B7D1EC} = {5213103B-56FF-4572-9468-AA089B136C48}
		{BE67A518-64F8-429F-8569-DFCBF1E928FB} = {5213103B-56FF-4572-9468-AA089B136C48}
		{151B301B-C744-47DA-9418-9CCEA5C4792C} = {5213103B-56FF-4572-9468-AA089B136C48}
		{32F38DB9-97DA-47CD-8960-67918D42EFA7} = {45949F53-98CD-47A4-AEC5-467F12F89314}
		{AE7A3799-F2CD-417A-B259-80FD50D65945} = {4374395C-D52C-480D-8E28-A805DF612152}
		{4B705A79-825D-4142-BD32-F9F5E7946043} = {45949F53-98CD-47A4-AEC5-467F12F89314}
	EndGlobalSection
	GlobalSection(ExtensibilityGlobals) = postSolution
		SolutionGuid = {7DF4DFF7-D702-42E5-8200-E316FD246094}
	EndGlobalSection
EndGlobal
