
Microsoft Visual Studio Solution File, Format Version 12.00
# Visual Studio Version 16
VisualStudioVersion = 16.0.30204.135
MinimumVisualStudioVersion = 10.0.40219.1
Project("{2150E333-8FDC-42A3-9474-1A3956D46DE8}") = "sevices", "sevices", "{D639C2FB-5E2A-4379-9EE3-F28516220D37}"
EndProject
Project("{2150E333-8FDC-42A3-9474-1A3956D46DE8}") = "Identity", "Identity", "{7706C2B5-10D3-4E94-8A79-7850E97F091C}"
EndProject
Project("{2150E333-8FDC-42A3-9474-1A3956D46DE8}") = "bank simulator", "bank simulator", "{ABC3CC82-7C7C-4226-AC0E-70795542B02E}"
EndProject
Project("{2150E333-8FDC-42A3-9474-1A3956D46DE8}") = "Client", "Client", "{908B83FC-8051-4E60-8B62-9657336841C8}"
EndProject
Project("{2150E333-8FDC-42A3-9474-1A3956D46DE8}") = "docs", "docs", "{86E98E00-69E4-429E-BF0C-13822AC2D74B}"
	ProjectSection(SolutionItems) = preProject
		ReadMe.md = ReadMe.md
		TodoList.MD = TodoList.MD
	EndProjectSection
EndProject
Project("{2150E333-8FDC-42A3-9474-1A3956D46DE8}") = "Tests", "Tests", "{45746657-E255-4CD8-B69C-3A7D4C762A1A}"
EndProject
Project("{2150E333-8FDC-42A3-9474-1A3956D46DE8}") = "src", "src", "{EF80E958-B25C-4C9D-8E43-13F1E913C2B4}"
EndProject
Project("{2150E333-8FDC-42A3-9474-1A3956D46DE8}") = "UnitTests", "UnitTests", "{5C8BD070-44F7-4493-BA7D-C93A3F7B4F77}"
EndProject
Project("{2150E333-8FDC-42A3-9474-1A3956D46DE8}") = "IntegrationTests", "IntegrationTests", "{5213103B-56FF-4572-9468-AA089B136C48}"
EndProject
Project("{2150E333-8FDC-42A3-9474-1A3956D46DE8}") = "monitoring", "monitoring", "{45949F53-98CD-47A4-AEC5-467F12F89314}"
EndProject
Project("{2150E333-8FDC-42A3-9474-1A3956D46DE8}") = "prometheus", "prometheus", "{32F38DB9-97DA-47CD-8960-67918D42EFA7}"
	ProjectSection(SolutionItems) = preProject
		prometheus\prometheus.yml = prometheus\prometheus.yml
	EndProjectSection
EndProject
Project("{9A19103F-16F7-4668-BE54-9A1E7A4F7556}") = "PaymentGateway.SharedLib", "src\PaymentGateway.SharedLib\PaymentGateway.SharedLib.csproj", "{50151914-459F-4DFD-BB8E-F0F0589AC9B4}"
EndProject
Project("{9A19103F-16F7-4668-BE54-9A1E7A4F7556}") = "Bank.Payments.Api", "src\Bank.Payments.Api\Bank.Payments.Api.csproj", "{43F694AE-EA03-49E6-9D37-156A61695A46}"
EndProject
Project("{9A19103F-16F7-4668-BE54-9A1E7A4F7556}") = "Client.Payments.Api", "src\Client.Payments.Api\Client.Payments.Api.csproj", "{91647BEC-61E2-468F-911A-2D6AD5E3570C}"
EndProject
Project("{9A19103F-16F7-4668-BE54-9A1E7A4F7556}") = "Company.IdentityServer", "src\Company.IdentityServer\Company.IdentityServer.csproj", "{515FF8A9-D33A-487D-99E9-81231AA79B9E}"
EndProject
Project("{9A19103F-16F7-4668-BE54-9A1E7A4F7556}") = "PaymentGateway.Api", "src\PaymentGateway.Api\PaymentGateway.Api.csproj", "{B7F47AD2-11DB-4917-A828-1C5A6C9BC788}"
EndProject
Project("{9A19103F-16F7-4668-BE54-9A1E7A4F7556}") = "PaymentGateway.Processor.Api", "src\PaymentGateway.Processor.Api\PaymentGateway.Processor.Api.csproj", "{BC5F88E8-28E5-473C-9599-5AF353AC17D5}"
EndProject
Project("{9A19103F-16F7-4668-BE54-9A1E7A4F7556}") = "Bank.Payments.Api.Test", "tests\Bank.Payments.Api.Test\Bank.Payments.Api.Test.csproj", "{96C617FC-05B9-41D3-988D-7D348C7B1709}"
EndProject
Project("{9A19103F-16F7-4668-BE54-9A1E7A4F7556}") = "PaymentGateway.Api.UnitTest", "tests\PaymentGateway.Api.UnitTest\PaymentGateway.Api.UnitTest.csproj", "{38371155-0AB6-4CF5-9C61-7BBE317244B7}"
EndProject
Project("{9A19103F-16F7-4668-BE54-9A1E7A4F7556}") = "PaymentGateway.Processor.Api.UnitTest", "tests\PaymentGateway.Processor.Api.UnitTest\PaymentGateway.Processor.Api.UnitTest.csproj", "{3FDC7E0B-6BE3-4504-A4A0-90C25E32C564}"
EndProject
Project("{9A19103F-16F7-4668-BE54-9A1E7A4F7556}") = "PaymentGateway.SharedLib.UnitTest", "tests\PaymentGateway.SharedLib.UnitTest\PaymentGateway.SharedLib.UnitTest.csproj", "{C678BEEE-108F-4D55-8686-E1F9B6A99F4C}"
EndProject
Project("{9A19103F-16F7-4668-BE54-9A1E7A4F7556}") = "PaymentGateway.Api.IntegrationTests", "tests\PaymentGateway.Api.IntegrationTests\PaymentGateway.Api.IntegrationTests.csproj", "{A42DC84F-BC39-4B77-9176-74FAAA5305F5}"
EndProject
Project("{9A19103F-16F7-4668-BE54-9A1E7A4F7556}") = "PaymentGateway.Processor.Api.IntegrationTests", "tests\PaymentGateway.Processor.Api.IntegrationTests\PaymentGateway.Processor.Api.IntegrationTests.csproj", "{7B4F6E0A-F860-4DD9-8F32-4993056C71A7}"
EndProject
Project("{9A19103F-16F7-4668-BE54-9A1E7A4F7556}") = "PaymentGateway.IntegrationTests", "tests\PaymentGateway.IntegrationTests\PaymentGateway.IntegrationTests.csproj", "{B9264884-D05F-4CB2-9538-C14D3E00C17D}"
EndProject
Project("{E53339B2-1760-4266-BCC7-CA923CBCF16C}") = "docker-compose", "docker-compose.dcproj", "{865A93D1-88D9-4170-A2F1-64A2E259D413}"
EndProject
Project("{2150E333-8FDC-42A3-9474-1A3956D46DE8}") = "NewFolder1", "NewFolder1", "{FF322F49-A084-46DE-A883-31E3E2E0DD32}"
	ProjectSection(SolutionItems) = preProject
		src\docker\docker-compose.override.yml = src\docker\docker-compose.override.yml
		src\docker\docker-compose.yml = src\docker\docker-compose.yml
	EndProjectSection
EndProject
Global
	GlobalSection(SolutionConfigurationPlatforms) = preSolution
		Debug|Any CPU = Debug|Any CPU
		Release|Any CPU = Release|Any CPU
	EndGlobalSection
	GlobalSection(ProjectConfigurationPlatforms) = postSolution
		{50151914-459F-4DFD-BB8E-F0F0589AC9B4}.Debug|Any CPU.ActiveCfg = Debug|Any CPU
		{50151914-459F-4DFD-BB8E-F0F0589AC9B4}.Debug|Any CPU.Build.0 = Debug|Any CPU
		{50151914-459F-4DFD-BB8E-F0F0589AC9B4}.Release|Any CPU.ActiveCfg = Release|Any CPU
		{50151914-459F-4DFD-BB8E-F0F0589AC9B4}.Release|Any CPU.Build.0 = Release|Any CPU
		{43F694AE-EA03-49E6-9D37-156A61695A46}.Debug|Any CPU.ActiveCfg = Debug|Any CPU
		{43F694AE-EA03-49E6-9D37-156A61695A46}.Debug|Any CPU.Build.0 = Debug|Any CPU
		{43F694AE-EA03-49E6-9D37-156A61695A46}.Release|Any CPU.ActiveCfg = Release|Any CPU
		{43F694AE-EA03-49E6-9D37-156A61695A46}.Release|Any CPU.Build.0 = Release|Any CPU
		{91647BEC-61E2-468F-911A-2D6AD5E3570C}.Debug|Any CPU.ActiveCfg = Debug|Any CPU
		{91647BEC-61E2-468F-911A-2D6AD5E3570C}.Debug|Any CPU.Build.0 = Debug|Any CPU
		{91647BEC-61E2-468F-911A-2D6AD5E3570C}.Release|Any CPU.ActiveCfg = Release|Any CPU
		{91647BEC-61E2-468F-911A-2D6AD5E3570C}.Release|Any CPU.Build.0 = Release|Any CPU
		{515FF8A9-D33A-487D-99E9-81231AA79B9E}.Debug|Any CPU.ActiveCfg = Debug|Any CPU
		{515FF8A9-D33A-487D-99E9-81231AA79B9E}.Debug|Any CPU.Build.0 = Debug|Any CPU
		{515FF8A9-D33A-487D-99E9-81231AA79B9E}.Release|Any CPU.ActiveCfg = Release|Any CPU
		{515FF8A9-D33A-487D-99E9-81231AA79B9E}.Release|Any CPU.Build.0 = Release|Any CPU
		{B7F47AD2-11DB-4917-A828-1C5A6C9BC788}.Debug|Any CPU.ActiveCfg = Debug|Any CPU
		{B7F47AD2-11DB-4917-A828-1C5A6C9BC788}.Debug|Any CPU.Build.0 = Debug|Any CPU
		{B7F47AD2-11DB-4917-A828-1C5A6C9BC788}.Release|Any CPU.ActiveCfg = Release|Any CPU
		{B7F47AD2-11DB-4917-A828-1C5A6C9BC788}.Release|Any CPU.Build.0 = Release|Any CPU
		{BC5F88E8-28E5-473C-9599-5AF353AC17D5}.Debug|Any CPU.ActiveCfg = Debug|Any CPU
		{BC5F88E8-28E5-473C-9599-5AF353AC17D5}.Debug|Any CPU.Build.0 = Debug|Any CPU
		{BC5F88E8-28E5-473C-9599-5AF353AC17D5}.Release|Any CPU.ActiveCfg = Release|Any CPU
		{BC5F88E8-28E5-473C-9599-5AF353AC17D5}.Release|Any CPU.Build.0 = Release|Any CPU
		{96C617FC-05B9-41D3-988D-7D348C7B1709}.Debug|Any CPU.ActiveCfg = Debug|Any CPU
		{96C617FC-05B9-41D3-988D-7D348C7B1709}.Debug|Any CPU.Build.0 = Debug|Any CPU
		{96C617FC-05B9-41D3-988D-7D348C7B1709}.Release|Any CPU.ActiveCfg = Release|Any CPU
		{96C617FC-05B9-41D3-988D-7D348C7B1709}.Release|Any CPU.Build.0 = Release|Any CPU
		{38371155-0AB6-4CF5-9C61-7BBE317244B7}.Debug|Any CPU.ActiveCfg = Debug|Any CPU
		{38371155-0AB6-4CF5-9C61-7BBE317244B7}.Debug|Any CPU.Build.0 = Debug|Any CPU
		{38371155-0AB6-4CF5-9C61-7BBE317244B7}.Release|Any CPU.ActiveCfg = Release|Any CPU
		{38371155-0AB6-4CF5-9C61-7BBE317244B7}.Release|Any CPU.Build.0 = Release|Any CPU
		{3FDC7E0B-6BE3-4504-A4A0-90C25E32C564}.Debug|Any CPU.ActiveCfg = Debug|Any CPU
		{3FDC7E0B-6BE3-4504-A4A0-90C25E32C564}.Debug|Any CPU.Build.0 = Debug|Any CPU
		{3FDC7E0B-6BE3-4504-A4A0-90C25E32C564}.Release|Any CPU.ActiveCfg = Release|Any CPU
		{3FDC7E0B-6BE3-4504-A4A0-90C25E32C564}.Release|Any CPU.Build.0 = Release|Any CPU
		{C678BEEE-108F-4D55-8686-E1F9B6A99F4C}.Debug|Any CPU.ActiveCfg = Debug|Any CPU
		{C678BEEE-108F-4D55-8686-E1F9B6A99F4C}.Debug|Any CPU.Build.0 = Debug|Any CPU
		{C678BEEE-108F-4D55-8686-E1F9B6A99F4C}.Release|Any CPU.ActiveCfg = Release|Any CPU
		{C678BEEE-108F-4D55-8686-E1F9B6A99F4C}.Release|Any CPU.Build.0 = Release|Any CPU
		{A42DC84F-BC39-4B77-9176-74FAAA5305F5}.Debug|Any CPU.ActiveCfg = Debug|Any CPU
		{A42DC84F-BC39-4B77-9176-74FAAA5305F5}.Debug|Any CPU.Build.0 = Debug|Any CPU
		{A42DC84F-BC39-4B77-9176-74FAAA5305F5}.Release|Any CPU.ActiveCfg = Release|Any CPU
		{A42DC84F-BC39-4B77-9176-74FAAA5305F5}.Release|Any CPU.Build.0 = Release|Any CPU
		{7B4F6E0A-F860-4DD9-8F32-4993056C71A7}.Debug|Any CPU.ActiveCfg = Debug|Any CPU
		{7B4F6E0A-F860-4DD9-8F32-4993056C71A7}.Debug|Any CPU.Build.0 = Debug|Any CPU
		{7B4F6E0A-F860-4DD9-8F32-4993056C71A7}.Release|Any CPU.ActiveCfg = Release|Any CPU
		{7B4F6E0A-F860-4DD9-8F32-4993056C71A7}.Release|Any CPU.Build.0 = Release|Any CPU
		{B9264884-D05F-4CB2-9538-C14D3E00C17D}.Debug|Any CPU.ActiveCfg = Debug|Any CPU
		{B9264884-D05F-4CB2-9538-C14D3E00C17D}.Debug|Any CPU.Build.0 = Debug|Any CPU
		{B9264884-D05F-4CB2-9538-C14D3E00C17D}.Release|Any CPU.ActiveCfg = Release|Any CPU
		{B9264884-D05F-4CB2-9538-C14D3E00C17D}.Release|Any CPU.Build.0 = Release|Any CPU
		{865A93D1-88D9-4170-A2F1-64A2E259D413}.Debug|Any CPU.ActiveCfg = Debug|Any CPU
		{865A93D1-88D9-4170-A2F1-64A2E259D413}.Debug|Any CPU.Build.0 = Debug|Any CPU
		{865A93D1-88D9-4170-A2F1-64A2E259D413}.Release|Any CPU.ActiveCfg = Release|Any CPU
		{865A93D1-88D9-4170-A2F1-64A2E259D413}.Release|Any CPU.Build.0 = Release|Any CPU
	EndGlobalSection
	GlobalSection(SolutionProperties) = preSolution
		HideSolutionNode = FALSE
	EndGlobalSection
	GlobalSection(NestedProjects) = preSolution
		{D639C2FB-5E2A-4379-9EE3-F28516220D37} = {EF80E958-B25C-4C9D-8E43-13F1E913C2B4}
		{7706C2B5-10D3-4E94-8A79-7850E97F091C} = {EF80E958-B25C-4C9D-8E43-13F1E913C2B4}
		{ABC3CC82-7C7C-4226-AC0E-70795542B02E} = {EF80E958-B25C-4C9D-8E43-13F1E913C2B4}
		{908B83FC-8051-4E60-8B62-9657336841C8} = {EF80E958-B25C-4C9D-8E43-13F1E913C2B4}
		{5C8BD070-44F7-4493-BA7D-C93A3F7B4F77} = {45746657-E255-4CD8-B69C-3A7D4C762A1A}
		{5213103B-56FF-4572-9468-AA089B136C48} = {45746657-E255-4CD8-B69C-3A7D4C762A1A}
		{32F38DB9-97DA-47CD-8960-67918D42EFA7} = {45949F53-98CD-47A4-AEC5-467F12F89314}
		{50151914-459F-4DFD-BB8E-F0F0589AC9B4} = {EF80E958-B25C-4C9D-8E43-13F1E913C2B4}
		{43F694AE-EA03-49E6-9D37-156A61695A46} = {ABC3CC82-7C7C-4226-AC0E-70795542B02E}
		{91647BEC-61E2-468F-911A-2D6AD5E3570C} = {908B83FC-8051-4E60-8B62-9657336841C8}
		{515FF8A9-D33A-487D-99E9-81231AA79B9E} = {7706C2B5-10D3-4E94-8A79-7850E97F091C}
		{B7F47AD2-11DB-4917-A828-1C5A6C9BC788} = {D639C2FB-5E2A-4379-9EE3-F28516220D37}
		{BC5F88E8-28E5-473C-9599-5AF353AC17D5} = {D639C2FB-5E2A-4379-9EE3-F28516220D37}
		{96C617FC-05B9-41D3-988D-7D348C7B1709} = {5C8BD070-44F7-4493-BA7D-C93A3F7B4F77}
		{38371155-0AB6-4CF5-9C61-7BBE317244B7} = {5C8BD070-44F7-4493-BA7D-C93A3F7B4F77}
		{3FDC7E0B-6BE3-4504-A4A0-90C25E32C564} = {5C8BD070-44F7-4493-BA7D-C93A3F7B4F77}
		{C678BEEE-108F-4D55-8686-E1F9B6A99F4C} = {5C8BD070-44F7-4493-BA7D-C93A3F7B4F77}
		{A42DC84F-BC39-4B77-9176-74FAAA5305F5} = {5213103B-56FF-4572-9468-AA089B136C48}
		{7B4F6E0A-F860-4DD9-8F32-4993056C71A7} = {5213103B-56FF-4572-9468-AA089B136C48}
		{B9264884-D05F-4CB2-9538-C14D3E00C17D} = {5213103B-56FF-4572-9468-AA089B136C48}
	EndGlobalSection
	GlobalSection(ExtensibilityGlobals) = postSolution
		SolutionGuid = {7DF4DFF7-D702-42E5-8200-E316FD246094}
	EndGlobalSection
EndGlobal
